// !$*UTF8*$!
{
	archiveVersion = 1;
	classes = {
	};
	objectVersion = 51;
	objects = {

/* Begin PBXBuildFile section */
		6B77785623DCB25E00F1A50E /* AppDelegate.swift in Sources */ = {isa = PBXBuildFile; fileRef = 6B77785523DCB25E00F1A50E /* AppDelegate.swift */; };
		6B77785823DCB25E00F1A50E /* SceneDelegate.swift in Sources */ = {isa = PBXBuildFile; fileRef = 6B77785723DCB25E00F1A50E /* SceneDelegate.swift */; };
		6B77785D23DCB25E00F1A50E /* Main.storyboard in Resources */ = {isa = PBXBuildFile; fileRef = 6B77785B23DCB25E00F1A50E /* Main.storyboard */; };
		6B77785F23DCB26000F1A50E /* Assets.xcassets in Resources */ = {isa = PBXBuildFile; fileRef = 6B77785E23DCB26000F1A50E /* Assets.xcassets */; };
		6B77786223DCB26000F1A50E /* LaunchScreen.storyboard in Resources */ = {isa = PBXBuildFile; fileRef = 6B77786023DCB26000F1A50E /* LaunchScreen.storyboard */; };
		6B77786D23DCB26000F1A50E /* flixterTests.swift in Sources */ = {isa = PBXBuildFile; fileRef = 6B77786C23DCB26000F1A50E /* flixterTests.swift */; };
		6B77787823DCB26000F1A50E /* flixterUITests.swift in Sources */ = {isa = PBXBuildFile; fileRef = 6B77787723DCB26000F1A50E /* flixterUITests.swift */; };
		6B77788623DCBFD300F1A50E /* MoviesViewController.swift in Sources */ = {isa = PBXBuildFile; fileRef = 6B77788523DCBFD300F1A50E /* MoviesViewController.swift */; };
		6B77788C23DCDB3000F1A50E /* MovieCell.swift in Sources */ = {isa = PBXBuildFile; fileRef = 6B77788B23DCDB2F00F1A50E /* MovieCell.swift */; };
		6B77788E23DD3F2500F1A50E /* MovieDetailsViewController.swift in Sources */ = {isa = PBXBuildFile; fileRef = 6B77788D23DD3F2500F1A50E /* MovieDetailsViewController.swift */; };
		6B77789023DD584000F1A50E /* MovieGridViewController.swift in Sources */ = {isa = PBXBuildFile; fileRef = 6B77788F23DD584000F1A50E /* MovieGridViewController.swift */; };
		6B77789223DD5D3D00F1A50E /* MovieGridCell.swift in Sources */ = {isa = PBXBuildFile; fileRef = 6B77789123DD5D3D00F1A50E /* MovieGridCell.swift */; };
		6BF15FD65F2D12C38167AF55 /* Pods_flixter.framework in Frameworks */ = {isa = PBXBuildFile; fileRef = 5E75405CE25A58176C8A3001 /* Pods_flixter.framework */; };
		8DA2EC078A7C91A725394DAC /* Pods_flixter_flixterUITests.framework in Frameworks */ = {isa = PBXBuildFile; fileRef = AC24AE3BC9DECFC930D6C9D3 /* Pods_flixter_flixterUITests.framework */; };
		C52A7E3BBF62C237F66DEDEE /* Pods_flixterTests.framework in Frameworks */ = {isa = PBXBuildFile; fileRef = D5635B83C96338E0A58B8ED9 /* Pods_flixterTests.framework */; };
/* End PBXBuildFile section */

/* Begin PBXContainerItemProxy section */
		6B77786923DCB26000F1A50E /* PBXContainerItemProxy */ = {
			isa = PBXContainerItemProxy;
			containerPortal = 6B77784A23DCB25E00F1A50E /* Project object */;
			proxyType = 1;
			remoteGlobalIDString = 6B77785123DCB25E00F1A50E;
			remoteInfo = flixter;
		};
		6B77787423DCB26000F1A50E /* PBXContainerItemProxy */ = {
			isa = PBXContainerItemProxy;
			containerPortal = 6B77784A23DCB25E00F1A50E /* Project object */;
			proxyType = 1;
			remoteGlobalIDString = 6B77785123DCB25E00F1A50E;
			remoteInfo = flixter;
		};
/* End PBXContainerItemProxy section */

/* Begin PBXFileReference section */
		1EBEB58A9DA680DE576D8D5C /* Pods-flixterTests.debug.xcconfig */ = {isa = PBXFileReference; includeInIndex = 1; lastKnownFileType = text.xcconfig; name = "Pods-flixterTests.debug.xcconfig"; path = "Target Support Files/Pods-flixterTests/Pods-flixterTests.debug.xcconfig"; sourceTree = "<group>"; };
		5E75405CE25A58176C8A3001 /* Pods_flixter.framework */ = {isa = PBXFileReference; explicitFileType = wrapper.framework; includeInIndex = 0; path = Pods_flixter.framework; sourceTree = BUILT_PRODUCTS_DIR; };
		6B77785223DCB25E00F1A50E /* flixter.app */ = {isa = PBXFileReference; explicitFileType = wrapper.application; includeInIndex = 0; path = flixter.app; sourceTree = BUILT_PRODUCTS_DIR; };
		6B77785523DCB25E00F1A50E /* AppDelegate.swift */ = {isa = PBXFileReference; lastKnownFileType = sourcecode.swift; path = AppDelegate.swift; sourceTree = "<group>"; };
		6B77785723DCB25E00F1A50E /* SceneDelegate.swift */ = {isa = PBXFileReference; lastKnownFileType = sourcecode.swift; path = SceneDelegate.swift; sourceTree = "<group>"; };
		6B77785C23DCB25E00F1A50E /* Base */ = {isa = PBXFileReference; lastKnownFileType = file.storyboard; name = Base; path = Base.lproj/Main.storyboard; sourceTree = "<group>"; };
		6B77785E23DCB26000F1A50E /* Assets.xcassets */ = {isa = PBXFileReference; lastKnownFileType = folder.assetcatalog; path = Assets.xcassets; sourceTree = "<group>"; };
		6B77786123DCB26000F1A50E /* Base */ = {isa = PBXFileReference; lastKnownFileType = file.storyboard; name = Base; path = Base.lproj/LaunchScreen.storyboard; sourceTree = "<group>"; };
		6B77786323DCB26000F1A50E /* Info.plist */ = {isa = PBXFileReference; lastKnownFileType = text.plist.xml; path = Info.plist; sourceTree = "<group>"; };
		6B77786823DCB26000F1A50E /* flixterTests.xctest */ = {isa = PBXFileReference; explicitFileType = wrapper.cfbundle; includeInIndex = 0; path = flixterTests.xctest; sourceTree = BUILT_PRODUCTS_DIR; };
		6B77786C23DCB26000F1A50E /* flixterTests.swift */ = {isa = PBXFileReference; lastKnownFileType = sourcecode.swift; path = flixterTests.swift; sourceTree = "<group>"; };
		6B77786E23DCB26000F1A50E /* Info.plist */ = {isa = PBXFileReference; lastKnownFileType = text.plist.xml; path = Info.plist; sourceTree = "<group>"; };
		6B77787323DCB26000F1A50E /* flixterUITests.xctest */ = {isa = PBXFileReference; explicitFileType = wrapper.cfbundle; includeInIndex = 0; path = flixterUITests.xctest; sourceTree = BUILT_PRODUCTS_DIR; };
		6B77787723DCB26000F1A50E /* flixterUITests.swift */ = {isa = PBXFileReference; lastKnownFileType = sourcecode.swift; path = flixterUITests.swift; sourceTree = "<group>"; };
		6B77787923DCB26000F1A50E /* Info.plist */ = {isa = PBXFileReference; lastKnownFileType = text.plist.xml; path = Info.plist; sourceTree = "<group>"; };
		6B77788523DCBFD300F1A50E /* MoviesViewController.swift */ = {isa = PBXFileReference; lastKnownFileType = sourcecode.swift; path = MoviesViewController.swift; sourceTree = "<group>"; };
		6B77788B23DCDB2F00F1A50E /* MovieCell.swift */ = {isa = PBXFileReference; lastKnownFileType = sourcecode.swift; path = MovieCell.swift; sourceTree = "<group>"; };
		6B77788D23DD3F2500F1A50E /* MovieDetailsViewController.swift */ = {isa = PBXFileReference; lastKnownFileType = sourcecode.swift; path = MovieDetailsViewController.swift; sourceTree = "<group>"; };
		6B77788F23DD584000F1A50E /* MovieGridViewController.swift */ = {isa = PBXFileReference; lastKnownFileType = sourcecode.swift; path = MovieGridViewController.swift; sourceTree = "<group>"; };
		6B77789123DD5D3D00F1A50E /* MovieGridCell.swift */ = {isa = PBXFileReference; lastKnownFileType = sourcecode.swift; path = MovieGridCell.swift; sourceTree = "<group>"; };
		8976A3C1AAA476183F6634A4 /* Pods-flixterTests.release.xcconfig */ = {isa = PBXFileReference; includeInIndex = 1; lastKnownFileType = text.xcconfig; name = "Pods-flixterTests.release.xcconfig"; path = "Target Support Files/Pods-flixterTests/Pods-flixterTests.release.xcconfig"; sourceTree = "<group>"; };
		9F44A8B5927D3A78343D9E97 /* Pods-flixter-flixterUITests.debug.xcconfig */ = {isa = PBXFileReference; includeInIndex = 1; lastKnownFileType = text.xcconfig; name = "Pods-flixter-flixterUITests.debug.xcconfig"; path = "Target Support Files/Pods-flixter-flixterUITests/Pods-flixter-flixterUITests.debug.xcconfig"; sourceTree = "<group>"; };
		AC24AE3BC9DECFC930D6C9D3 /* Pods_flixter_flixterUITests.framework */ = {isa = PBXFileReference; explicitFileType = wrapper.framework; includeInIndex = 0; path = Pods_flixter_flixterUITests.framework; sourceTree = BUILT_PRODUCTS_DIR; };
		B8DF550CE04EAAAEE72FA1AB /* Pods-flixter.release.xcconfig */ = {isa = PBXFileReference; includeInIndex = 1; lastKnownFileType = text.xcconfig; name = "Pods-flixter.release.xcconfig"; path = "Target Support Files/Pods-flixter/Pods-flixter.release.xcconfig"; sourceTree = "<group>"; };
		CE97E0F9063C0613B3A64D0C /* Pods-flixter-flixterUITests.release.xcconfig */ = {isa = PBXFileReference; includeInIndex = 1; lastKnownFileType = text.xcconfig; name = "Pods-flixter-flixterUITests.release.xcconfig"; path = "Target Support Files/Pods-flixter-flixterUITests/Pods-flixter-flixterUITests.release.xcconfig"; sourceTree = "<group>"; };
		D5635B83C96338E0A58B8ED9 /* Pods_flixterTests.framework */ = {isa = PBXFileReference; explicitFileType = wrapper.framework; includeInIndex = 0; path = Pods_flixterTests.framework; sourceTree = BUILT_PRODUCTS_DIR; };
		DE1D8149F602E3FB934385C2 /* Pods-flixter.debug.xcconfig */ = {isa = PBXFileReference; includeInIndex = 1; lastKnownFileType = text.xcconfig; name = "Pods-flixter.debug.xcconfig"; path = "Target Support Files/Pods-flixter/Pods-flixter.debug.xcconfig"; sourceTree = "<group>"; };
/* End PBXFileReference section */

/* Begin PBXFrameworksBuildPhase section */
		6B77784F23DCB25E00F1A50E /* Frameworks */ = {
			isa = PBXFrameworksBuildPhase;
			buildActionMask = 2147483647;
			files = (
				6BF15FD65F2D12C38167AF55 /* Pods_flixter.framework in Frameworks */,
			);
			runOnlyForDeploymentPostprocessing = 0;
		};
		6B77786523DCB26000F1A50E /* Frameworks */ = {
			isa = PBXFrameworksBuildPhase;
			buildActionMask = 2147483647;
			files = (
				C52A7E3BBF62C237F66DEDEE /* Pods_flixterTests.framework in Frameworks */,
			);
			runOnlyForDeploymentPostprocessing = 0;
		};
		6B77787023DCB26000F1A50E /* Frameworks */ = {
			isa = PBXFrameworksBuildPhase;
			buildActionMask = 2147483647;
			files = (
				8DA2EC078A7C91A725394DAC /* Pods_flixter_flixterUITests.framework in Frameworks */,
			);
			runOnlyForDeploymentPostprocessing = 0;
		};
/* End PBXFrameworksBuildPhase section */

/* Begin PBXGroup section */
		6B77784923DCB25E00F1A50E = {
			isa = PBXGroup;
			children = (
				6B77785423DCB25E00F1A50E /* flixter */,
				6B77786B23DCB26000F1A50E /* flixterTests */,
				6B77787623DCB26000F1A50E /* flixterUITests */,
				6B77785323DCB25E00F1A50E /* Products */,
				D89863CAB3DB98D1B7F93F2D /* Pods */,
				EF0D9463DACE4EB16425A996 /* Frameworks */,
			);
			sourceTree = "<group>";
		};
		6B77785323DCB25E00F1A50E /* Products */ = {
			isa = PBXGroup;
			children = (
				6B77785223DCB25E00F1A50E /* flixter.app */,
				6B77786823DCB26000F1A50E /* flixterTests.xctest */,
				6B77787323DCB26000F1A50E /* flixterUITests.xctest */,
			);
			name = Products;
			sourceTree = "<group>";
		};
		6B77785423DCB25E00F1A50E /* flixter */ = {
			isa = PBXGroup;
			children = (
				6B77785523DCB25E00F1A50E /* AppDelegate.swift */,
				6B77785723DCB25E00F1A50E /* SceneDelegate.swift */,
				6B77785B23DCB25E00F1A50E /* Main.storyboard */,
				6B77785E23DCB26000F1A50E /* Assets.xcassets */,
				6B77786023DCB26000F1A50E /* LaunchScreen.storyboard */,
				6B77786323DCB26000F1A50E /* Info.plist */,
				6B77788523DCBFD300F1A50E /* MoviesViewController.swift */,
				6B77788B23DCDB2F00F1A50E /* MovieCell.swift */,
				6B77788D23DD3F2500F1A50E /* MovieDetailsViewController.swift */,
				6B77788F23DD584000F1A50E /* MovieGridViewController.swift */,
				6B77789123DD5D3D00F1A50E /* MovieGridCell.swift */,
			);
			path = flixter;
			sourceTree = "<group>";
		};
		6B77786B23DCB26000F1A50E /* flixterTests */ = {
			isa = PBXGroup;
			children = (
				6B77786C23DCB26000F1A50E /* flixterTests.swift */,
				6B77786E23DCB26000F1A50E /* Info.plist */,
			);
			path = flixterTests;
			sourceTree = "<group>";
		};
		6B77787623DCB26000F1A50E /* flixterUITests */ = {
			isa = PBXGroup;
			children = (
				6B77787723DCB26000F1A50E /* flixterUITests.swift */,
				6B77787923DCB26000F1A50E /* Info.plist */,
			);
			path = flixterUITests;
			sourceTree = "<group>";
		};
		D89863CAB3DB98D1B7F93F2D /* Pods */ = {
			isa = PBXGroup;
			children = (
				DE1D8149F602E3FB934385C2 /* Pods-flixter.debug.xcconfig */,
				B8DF550CE04EAAAEE72FA1AB /* Pods-flixter.release.xcconfig */,
				9F44A8B5927D3A78343D9E97 /* Pods-flixter-flixterUITests.debug.xcconfig */,
				CE97E0F9063C0613B3A64D0C /* Pods-flixter-flixterUITests.release.xcconfig */,
				1EBEB58A9DA680DE576D8D5C /* Pods-flixterTests.debug.xcconfig */,
				8976A3C1AAA476183F6634A4 /* Pods-flixterTests.release.xcconfig */,
			);
			path = Pods;
			sourceTree = "<group>";
		};
		EF0D9463DACE4EB16425A996 /* Frameworks */ = {
			isa = PBXGroup;
			children = (
				5E75405CE25A58176C8A3001 /* Pods_flixter.framework */,
				AC24AE3BC9DECFC930D6C9D3 /* Pods_flixter_flixterUITests.framework */,
				D5635B83C96338E0A58B8ED9 /* Pods_flixterTests.framework */,
			);
			name = Frameworks;
			sourceTree = "<group>";
		};
/* End PBXGroup section */

/* Begin PBXNativeTarget section */
		6B77785123DCB25E00F1A50E /* flixter */ = {
			isa = PBXNativeTarget;
			buildConfigurationList = 6B77787C23DCB26000F1A50E /* Build configuration list for PBXNativeTarget "flixter" */;
			buildPhases = (
				4AF7FED11CB42532B9F51886 /* [CP] Check Pods Manifest.lock */,
				6B77784E23DCB25E00F1A50E /* Sources */,
				6B77784F23DCB25E00F1A50E /* Frameworks */,
				6B77785023DCB25E00F1A50E /* Resources */,
				3B6CD9E9B42CC8B47DFEE33E /* [CP] Embed Pods Frameworks */,
			);
			buildRules = (
			);
			dependencies = (
			);
			name = flixter;
			productName = flixter;
			productReference = 6B77785223DCB25E00F1A50E /* flixter.app */;
			productType = "com.apple.product-type.application";
		};
		6B77786723DCB26000F1A50E /* flixterTests */ = {
			isa = PBXNativeTarget;
			buildConfigurationList = 6B77787F23DCB26000F1A50E /* Build configuration list for PBXNativeTarget "flixterTests" */;
			buildPhases = (
				3206514A6D64CD0D18FC4FE5 /* [CP] Check Pods Manifest.lock */,
				6B77786423DCB26000F1A50E /* Sources */,
				6B77786523DCB26000F1A50E /* Frameworks */,
				6B77786623DCB26000F1A50E /* Resources */,
			);
			buildRules = (
			);
			dependencies = (
				6B77786A23DCB26000F1A50E /* PBXTargetDependency */,
			);
			name = flixterTests;
			productName = flixterTests;
			productReference = 6B77786823DCB26000F1A50E /* flixterTests.xctest */;
			productType = "com.apple.product-type.bundle.unit-test";
		};
		6B77787223DCB26000F1A50E /* flixterUITests */ = {
			isa = PBXNativeTarget;
			buildConfigurationList = 6B77788223DCB26000F1A50E /* Build configuration list for PBXNativeTarget "flixterUITests" */;
			buildPhases = (
				B02764758F4C80F097638283 /* [CP] Check Pods Manifest.lock */,
				6B77786F23DCB26000F1A50E /* Sources */,
				6B77787023DCB26000F1A50E /* Frameworks */,
				6B77787123DCB26000F1A50E /* Resources */,
				9C8C165B0FA6E46B13AA5B83 /* [CP] Embed Pods Frameworks */,
			);
			buildRules = (
			);
			dependencies = (
				6B77787523DCB26000F1A50E /* PBXTargetDependency */,
			);
			name = flixterUITests;
			productName = flixterUITests;
			productReference = 6B77787323DCB26000F1A50E /* flixterUITests.xctest */;
			productType = "com.apple.product-type.bundle.ui-testing";
		};
/* End PBXNativeTarget section */

/* Begin PBXProject section */
		6B77784A23DCB25E00F1A50E /* Project object */ = {
			isa = PBXProject;
			attributes = {
				LastSwiftUpdateCheck = 1130;
				LastUpgradeCheck = 1130;
				ORGANIZATIONNAME = subram43;
				TargetAttributes = {
					6B77785123DCB25E00F1A50E = {
						CreatedOnToolsVersion = 11.3.1;
					};
					6B77786723DCB26000F1A50E = {
						CreatedOnToolsVersion = 11.3.1;
						TestTargetID = 6B77785123DCB25E00F1A50E;
					};
					6B77787223DCB26000F1A50E = {
						CreatedOnToolsVersion = 11.3.1;
						TestTargetID = 6B77785123DCB25E00F1A50E;
					};
				};
			};
			buildConfigurationList = 6B77784D23DCB25E00F1A50E /* Build configuration list for PBXProject "flixter" */;
			compatibilityVersion = "Xcode 9.3";
			developmentRegion = en;
			hasScannedForEncodings = 0;
			knownRegions = (
				en,
				Base,
			);
			mainGroup = 6B77784923DCB25E00F1A50E;
			productRefGroup = 6B77785323DCB25E00F1A50E /* Products */;
			projectDirPath = "";
			projectRoot = "";
			targets = (
				6B77785123DCB25E00F1A50E /* flixter */,
				6B77786723DCB26000F1A50E /* flixterTests */,
				6B77787223DCB26000F1A50E /* flixterUITests */,
			);
		};
/* End PBXProject section */

/* Begin PBXResourcesBuildPhase section */
		6B77785023DCB25E00F1A50E /* Resources */ = {
			isa = PBXResourcesBuildPhase;
			buildActionMask = 2147483647;
			files = (
				6B77786223DCB26000F1A50E /* LaunchScreen.storyboard in Resources */,
				6B77785F23DCB26000F1A50E /* Assets.xcassets in Resources */,
				6B77785D23DCB25E00F1A50E /* Main.storyboard in Resources */,
			);
			runOnlyForDeploymentPostprocessing = 0;
		};
		6B77786623DCB26000F1A50E /* Resources */ = {
			isa = PBXResourcesBuildPhase;
			buildActionMask = 2147483647;
			files = (
			);
			runOnlyForDeploymentPostprocessing = 0;
		};
		6B77787123DCB26000F1A50E /* Resources */ = {
			isa = PBXResourcesBuildPhase;
			buildActionMask = 2147483647;
			files = (
			);
			runOnlyForDeploymentPostprocessing = 0;
		};
/* End PBXResourcesBuildPhase section */

/* Begin PBXShellScriptBuildPhase section */
		3206514A6D64CD0D18FC4FE5 /* [CP] Check Pods Manifest.lock */ = {
			isa = PBXShellScriptBuildPhase;
			buildActionMask = 2147483647;
			files = (
			);
			inputFileListPaths = (
			);
			inputPaths = (
				"${PODS_PODFILE_DIR_PATH}/Podfile.lock",
				"${PODS_ROOT}/Manifest.lock",
			);
			name = "[CP] Check Pods Manifest.lock";
			outputFileListPaths = (
			);
			outputPaths = (
				"$(DERIVED_FILE_DIR)/Pods-flixterTests-checkManifestLockResult.txt",
			);
			runOnlyForDeploymentPostprocessing = 0;
			shellPath = /bin/sh;
			shellScript = "diff \"${PODS_PODFILE_DIR_PATH}/Podfile.lock\" \"${PODS_ROOT}/Manifest.lock\" > /dev/null\nif [ $? != 0 ] ; then\n    # print error to STDERR\n    echo \"error: The sandbox is not in sync with the Podfile.lock. Run 'pod install' or update your CocoaPods installation.\" >&2\n    exit 1\nfi\n# This output is used by Xcode 'outputs' to avoid re-running this script phase.\necho \"SUCCESS\" > \"${SCRIPT_OUTPUT_FILE_0}\"\n";
			showEnvVarsInLog = 0;
		};
		3B6CD9E9B42CC8B47DFEE33E /* [CP] Embed Pods Frameworks */ = {
			isa = PBXShellScriptBuildPhase;
			buildActionMask = 2147483647;
			files = (
			);
			inputFileListPaths = (
				"${PODS_ROOT}/Target Support Files/Pods-flixter/Pods-flixter-frameworks-${CONFIGURATION}-input-files.xcfilelist",
			);
			name = "[CP] Embed Pods Frameworks";
			outputFileListPaths = (
				"${PODS_ROOT}/Target Support Files/Pods-flixter/Pods-flixter-frameworks-${CONFIGURATION}-output-files.xcfilelist",
			);
			runOnlyForDeploymentPostprocessing = 0;
			shellPath = /bin/sh;
			shellScript = "\"${PODS_ROOT}/Target Support Files/Pods-flixter/Pods-flixter-frameworks.sh\"\n";
			showEnvVarsInLog = 0;
		};
		4AF7FED11CB42532B9F51886 /* [CP] Check Pods Manifest.lock */ = {
			isa = PBXShellScriptBuildPhase;
			buildActionMask = 2147483647;
			files = (
			);
			inputFileListPaths = (
			);
			inputPaths = (
				"${PODS_PODFILE_DIR_PATH}/Podfile.lock",
				"${PODS_ROOT}/Manifest.lock",
			);
			name = "[CP] Check Pods Manifest.lock";
			outputFileListPaths = (
			);
			outputPaths = (
				"$(DERIVED_FILE_DIR)/Pods-flixter-checkManifestLockResult.txt",
			);
			runOnlyForDeploymentPostprocessing = 0;
			shellPath = /bin/sh;
			shellScript = "diff \"${PODS_PODFILE_DIR_PATH}/Podfile.lock\" \"${PODS_ROOT}/Manifest.lock\" > /dev/null\nif [ $? != 0 ] ; then\n    # print error to STDERR\n    echo \"error: The sandbox is not in sync with the Podfile.lock. Run 'pod install' or update your CocoaPods installation.\" >&2\n    exit 1\nfi\n# This output is used by Xcode 'outputs' to avoid re-running this script phase.\necho \"SUCCESS\" > \"${SCRIPT_OUTPUT_FILE_0}\"\n";
			showEnvVarsInLog = 0;
		};
		9C8C165B0FA6E46B13AA5B83 /* [CP] Embed Pods Frameworks */ = {
			isa = PBXShellScriptBuildPhase;
			buildActionMask = 2147483647;
			files = (
			);
			inputFileListPaths = (
				"${PODS_ROOT}/Target Support Files/Pods-flixter-flixterUITests/Pods-flixter-flixterUITests-frameworks-${CONFIGURATION}-input-files.xcfilelist",
			);
			name = "[CP] Embed Pods Frameworks";
			outputFileListPaths = (
				"${PODS_ROOT}/Target Support Files/Pods-flixter-flixterUITests/Pods-flixter-flixterUITests-frameworks-${CONFIGURATION}-output-files.xcfilelist",
			);
			runOnlyForDeploymentPostprocessing = 0;
			shellPath = /bin/sh;
			shellScript = "\"${PODS_ROOT}/Target Support Files/Pods-flixter-flixterUITests/Pods-flixter-flixterUITests-frameworks.sh\"\n";
			showEnvVarsInLog = 0;
		};
		B02764758F4C80F097638283 /* [CP] Check Pods Manifest.lock */ = {
			isa = PBXShellScriptBuildPhase;
			buildActionMask = 2147483647;
			files = (
			);
			inputFileListPaths = (
			);
			inputPaths = (
				"${PODS_PODFILE_DIR_PATH}/Podfile.lock",
				"${PODS_ROOT}/Manifest.lock",
			);
			name = "[CP] Check Pods Manifest.lock";
			outputFileListPaths = (
			);
			outputPaths = (
				"$(DERIVED_FILE_DIR)/Pods-flixter-flixterUITests-checkManifestLockResult.txt",
			);
			runOnlyForDeploymentPostprocessing = 0;
			shellPath = /bin/sh;
			shellScript = "diff \"${PODS_PODFILE_DIR_PATH}/Podfile.lock\" \"${PODS_ROOT}/Manifest.lock\" > /dev/null\nif [ $? != 0 ] ; then\n    # print error to STDERR\n    echo \"error: The sandbox is not in sync with the Podfile.lock. Run 'pod install' or update your CocoaPods installation.\" >&2\n    exit 1\nfi\n# This output is used by Xcode 'outputs' to avoid re-running this script phase.\necho \"SUCCESS\" > \"${SCRIPT_OUTPUT_FILE_0}\"\n";
			showEnvVarsInLog = 0;
		};
/* End PBXShellScriptBuildPhase section */

/* Begin PBXSourcesBuildPhase section */
		6B77784E23DCB25E00F1A50E /* Sources */ = {
			isa = PBXSourcesBuildPhase;
			buildActionMask = 2147483647;
			files = (
				6B77788E23DD3F2500F1A50E /* MovieDetailsViewController.swift in Sources */,
				6B77785623DCB25E00F1A50E /* AppDelegate.swift in Sources */,
				6B77785823DCB25E00F1A50E /* SceneDelegate.swift in Sources */,
				6B77788C23DCDB3000F1A50E /* MovieCell.swift in Sources */,
				6B77788623DCBFD300F1A50E /* MoviesViewController.swift in Sources */,
				6B77789023DD584000F1A50E /* MovieGridViewController.swift in Sources */,
				6B77789223DD5D3D00F1A50E /* MovieGridCell.swift in Sources */,
			);
			runOnlyForDeploymentPostprocessing = 0;
		};
		6B77786423DCB26000F1A50E /* Sources */ = {
			isa = PBXSourcesBuildPhase;
			buildActionMask = 2147483647;
			files = (
				6B77786D23DCB26000F1A50E /* flixterTests.swift in Sources */,
			);
			runOnlyForDeploymentPostprocessing = 0;
		};
		6B77786F23DCB26000F1A50E /* Sources */ = {
			isa = PBXSourcesBuildPhase;
			buildActionMask = 2147483647;
			files = (
				6B77787823DCB26000F1A50E /* flixterUITests.swift in Sources */,
			);
			runOnlyForDeploymentPostprocessing = 0;
		};
/* End PBXSourcesBuildPhase section */

/* Begin PBXTargetDependency section */
		6B77786A23DCB26000F1A50E /* PBXTargetDependency */ = {
			isa = PBXTargetDependency;
			target = 6B77785123DCB25E00F1A50E /* flixter */;
			targetProxy = 6B77786923DCB26000F1A50E /* PBXContainerItemProxy */;
		};
		6B77787523DCB26000F1A50E /* PBXTargetDependency */ = {
			isa = PBXTargetDependency;
			target = 6B77785123DCB25E00F1A50E /* flixter */;
			targetProxy = 6B77787423DCB26000F1A50E /* PBXContainerItemProxy */;
		};
/* End PBXTargetDependency section */

/* Begin PBXVariantGroup section */
		6B77785B23DCB25E00F1A50E /* Main.storyboard */ = {
			isa = PBXVariantGroup;
			children = (
				6B77785C23DCB25E00F1A50E /* Base */,
			);
			name = Main.storyboard;
			sourceTree = "<group>";
		};
		6B77786023DCB26000F1A50E /* LaunchScreen.storyboard */ = {
			isa = PBXVariantGroup;
			children = (
				6B77786123DCB26000F1A50E /* Base */,
			);
			name = LaunchScreen.storyboard;
			sourceTree = "<group>";
		};
/* End PBXVariantGroup section */

/* Begin XCBuildConfiguration section */
		6B77787A23DCB26000F1A50E /* Debug */ = {
			isa = XCBuildConfiguration;
			buildSettings = {
				ALWAYS_SEARCH_USER_PATHS = NO;
				CLANG_ANALYZER_NONNULL = YES;
				CLANG_ANALYZER_NUMBER_OBJECT_CONVERSION = YES_AGGRESSIVE;
				CLANG_CXX_LANGUAGE_STANDARD = "gnu++14";
				CLANG_CXX_LIBRARY = "libc++";
				CLANG_ENABLE_MODULES = YES;
				CLANG_ENABLE_OBJC_ARC = YES;
				CLANG_ENABLE_OBJC_WEAK = YES;
				CLANG_WARN_BLOCK_CAPTURE_AUTORELEASING = YES;
				CLANG_WARN_BOOL_CONVERSION = YES;
				CLANG_WARN_COMMA = YES;
				CLANG_WARN_CONSTANT_CONVERSION = YES;
				CLANG_WARN_DEPRECATED_OBJC_IMPLEMENTATIONS = YES;
				CLANG_WARN_DIRECT_OBJC_ISA_USAGE = YES_ERROR;
				CLANG_WARN_DOCUMENTATION_COMMENTS = YES;
				CLANG_WARN_EMPTY_BODY = YES;
				CLANG_WARN_ENUM_CONVERSION = YES;
				CLANG_WARN_INFINITE_RECURSION = YES;
				CLANG_WARN_INT_CONVERSION = YES;
				CLANG_WARN_NON_LITERAL_NULL_CONVERSION = YES;
				CLANG_WARN_OBJC_IMPLICIT_RETAIN_SELF = YES;
				CLANG_WARN_OBJC_LITERAL_CONVERSION = YES;
				CLANG_WARN_OBJC_ROOT_CLASS = YES_ERROR;
				CLANG_WARN_RANGE_LOOP_ANALYSIS = YES;
				CLANG_WARN_STRICT_PROTOTYPES = YES;
				CLANG_WARN_SUSPICIOUS_MOVE = YES;
				CLANG_WARN_UNGUARDED_AVAILABILITY = YES_AGGRESSIVE;
				CLANG_WARN_UNREACHABLE_CODE = YES;
				CLANG_WARN__DUPLICATE_METHOD_MATCH = YES;
				COPY_PHASE_STRIP = NO;
				DEBUG_INFORMATION_FORMAT = dwarf;
				ENABLE_STRICT_OBJC_MSGSEND = YES;
				ENABLE_TESTABILITY = YES;
				GCC_C_LANGUAGE_STANDARD = gnu11;
				GCC_DYNAMIC_NO_PIC = NO;
				GCC_NO_COMMON_BLOCKS = YES;
				GCC_OPTIMIZATION_LEVEL = 0;
				GCC_PREPROCESSOR_DEFINITIONS = (
					"DEBUG=1",
					"$(inherited)",
				);
				GCC_WARN_64_TO_32_BIT_CONVERSION = YES;
				GCC_WARN_ABOUT_RETURN_TYPE = YES_ERROR;
				GCC_WARN_UNDECLARED_SELECTOR = YES;
				GCC_WARN_UNINITIALIZED_AUTOS = YES_AGGRESSIVE;
				GCC_WARN_UNUSED_FUNCTION = YES;
				GCC_WARN_UNUSED_VARIABLE = YES;
				IPHONEOS_DEPLOYMENT_TARGET = 13.2;
				MTL_ENABLE_DEBUG_INFO = INCLUDE_SOURCE;
				MTL_FAST_MATH = YES;
				ONLY_ACTIVE_ARCH = YES;
				SDKROOT = iphoneos;
				SWIFT_ACTIVE_COMPILATION_CONDITIONS = DEBUG;
				SWIFT_OPTIMIZATION_LEVEL = "-Onone";
			};
			name = Debug;
		};
		6B77787B23DCB26000F1A50E /* Release */ = {
			isa = XCBuildConfiguration;
			buildSettings = {
				ALWAYS_SEARCH_USER_PATHS = NO;
				CLANG_ANALYZER_NONNULL = YES;
				CLANG_ANALYZER_NUMBER_OBJECT_CONVERSION = YES_AGGRESSIVE;
				CLANG_CXX_LANGUAGE_STANDARD = "gnu++14";
				CLANG_CXX_LIBRARY = "libc++";
				CLANG_ENABLE_MODULES = YES;
				CLANG_ENABLE_OBJC_ARC = YES;
				CLANG_ENABLE_OBJC_WEAK = YES;
				CLANG_WARN_BLOCK_CAPTURE_AUTORELEASING = YES;
				CLANG_WARN_BOOL_CONVERSION = YES;
				CLANG_WARN_COMMA = YES;
				CLANG_WARN_CONSTANT_CONVERSION = YES;
				CLANG_WARN_DEPRECATED_OBJC_IMPLEMENTATIONS = YES;
				CLANG_WARN_DIRECT_OBJC_ISA_USAGE = YES_ERROR;
				CLANG_WARN_DOCUMENTATION_COMMENTS = YES;
				CLANG_WARN_EMPTY_BODY = YES;
				CLANG_WARN_ENUM_CONVERSION = YES;
				CLANG_WARN_INFINITE_RECURSION = YES;
				CLANG_WARN_INT_CONVERSION = YES;
				CLANG_WARN_NON_LITERAL_NULL_CONVERSION = YES;
				CLANG_WARN_OBJC_IMPLICIT_RETAIN_SELF = YES;
				CLANG_WARN_OBJC_LITERAL_CONVERSION = YES;
				CLANG_WARN_OBJC_ROOT_CLASS = YES_ERROR;
				CLANG_WARN_RANGE_LOOP_ANALYSIS = YES;
				CLANG_WARN_STRICT_PROTOTYPES = YES;
				CLANG_WARN_SUSPICIOUS_MOVE = YES;
				CLANG_WARN_UNGUARDED_AVAILABILITY = YES_AGGRESSIVE;
				CLANG_WARN_UNREACHABLE_CODE = YES;
				CLANG_WARN__DUPLICATE_METHOD_MATCH = YES;
				COPY_PHASE_STRIP = NO;
				DEBUG_INFORMATION_FORMAT = "dwarf-with-dsym";
				ENABLE_NS_ASSERTIONS = NO;
				ENABLE_STRICT_OBJC_MSGSEND = YES;
				GCC_C_LANGUAGE_STANDARD = gnu11;
				GCC_NO_COMMON_BLOCKS = YES;
				GCC_WARN_64_TO_32_BIT_CONVERSION = YES;
				GCC_WARN_ABOUT_RETURN_TYPE = YES_ERROR;
				GCC_WARN_UNDECLARED_SELECTOR = YES;
				GCC_WARN_UNINITIALIZED_AUTOS = YES_AGGRESSIVE;
				GCC_WARN_UNUSED_FUNCTION = YES;
				GCC_WARN_UNUSED_VARIABLE = YES;
				IPHONEOS_DEPLOYMENT_TARGET = 13.2;
				MTL_ENABLE_DEBUG_INFO = NO;
				MTL_FAST_MATH = YES;
				SDKROOT = iphoneos;
				SWIFT_COMPILATION_MODE = wholemodule;
				SWIFT_OPTIMIZATION_LEVEL = "-O";
				VALIDATE_PRODUCT = YES;
			};
			name = Release;
		};
		6B77787D23DCB26000F1A50E /* Debug */ = {
			isa = XCBuildConfiguration;
			baseConfigurationReference = DE1D8149F602E3FB934385C2 /* Pods-flixter.debug.xcconfig */;
			buildSettings = {
				ASSETCATALOG_COMPILER_APPICON_NAME = AppIcon;
				CODE_SIGN_STYLE = Automatic;
				DEVELOPMENT_TEAM = 2P827FATTM;
				INFOPLIST_FILE = flixter/Info.plist;
				LD_RUNPATH_SEARCH_PATHS = (
					"$(inherited)",
					"@executable_path/Frameworks",
				);
				PRODUCT_BUNDLE_IDENTIFIER = com.subram43.flixter;
				PRODUCT_NAME = "$(TARGET_NAME)";
				SWIFT_VERSION = 5.0;
				TARGETED_DEVICE_FAMILY = "1,2";
			};
			name = Debug;
		};
		6B77787E23DCB26000F1A50E /* Release */ = {
			isa = XCBuildConfiguration;
			baseConfigurationReference = B8DF550CE04EAAAEE72FA1AB /* Pods-flixter.release.xcconfig */;
			buildSettings = {
				ASSETCATALOG_COMPILER_APPICON_NAME = AppIcon;
				CODE_SIGN_STYLE = Automatic;
				DEVELOPMENT_TEAM = 2P827FATTM;
				INFOPLIST_FILE = flixter/Info.plist;
				LD_RUNPATH_SEARCH_PATHS = (
					"$(inherited)",
					"@executable_path/Frameworks",
				);
				PRODUCT_BUNDLE_IDENTIFIER = com.subram43.flixter;
				PRODUCT_NAME = "$(TARGET_NAME)";
				SWIFT_VERSION = 5.0;
				TARGETED_DEVICE_FAMILY = "1,2";
			};
			name = Release;
		};
		6B77788023DCB26000F1A50E /* Debug */ = {
			isa = XCBuildConfiguration;
			baseConfigurationReference = 1EBEB58A9DA680DE576D8D5C /* Pods-flixterTests.debug.xcconfig */;
			buildSettings = {
				ALWAYS_EMBED_SWIFT_STANDARD_LIBRARIES = YES;
				BUNDLE_LOADER = "$(TEST_HOST)";
				CODE_SIGN_STYLE = Automatic;
				INFOPLIST_FILE = flixterTests/Info.plist;
				IPHONEOS_DEPLOYMENT_TARGET = 13.2;
				LD_RUNPATH_SEARCH_PATHS = (
					"$(inherited)",
					"@executable_path/Frameworks",
					"@loader_path/Frameworks",
				);
				PRODUCT_BUNDLE_IDENTIFIER = com.subram43.flixterTests;
				PRODUCT_NAME = "$(TARGET_NAME)";
				SWIFT_VERSION = 5.0;
				TARGETED_DEVICE_FAMILY = "1,2";
				TEST_HOST = "$(BUILT_PRODUCTS_DIR)/flixter.app/flixter";
			};
			name = Debug;
		};
		6B77788123DCB26000F1A50E /* Release */ = {
			isa = XCBuildConfiguration;
			baseConfigurationReference = 8976A3C1AAA476183F6634A4 /* Pods-flixterTests.release.xcconfig */;
			buildSettings = {
				ALWAYS_EMBED_SWIFT_STANDARD_LIBRARIES = YES;
				BUNDLE_LOADER = "$(TEST_HOST)";
				CODE_SIGN_STYLE = Automatic;
				INFOPLIST_FILE = flixterTests/Info.plist;
				IPHONEOS_DEPLOYMENT_TARGET = 13.2;
				LD_RUNPATH_SEARCH_PATHS = (
					"$(inherited)",
					"@executable_path/Frameworks",
					"@loader_path/Frameworks",
				);
				PRODUCT_BUNDLE_IDENTIFIER = com.subram43.flixterTests;
				PRODUCT_NAME = "$(TARGET_NAME)";
				SWIFT_VERSION = 5.0;
				TARGETED_DEVICE_FAMILY = "1,2";
				TEST_HOST = "$(BUILT_PRODUCTS_DIR)/flixter.app/flixter";
			};
			name = Release;
		};
		6B77788323DCB26000F1A50E /* Debug */ = {
			isa = XCBuildConfiguration;
			baseConfigurationReference = 9F44A8B5927D3A78343D9E97 /* Pods-flixter-flixterUITests.debug.xcconfig */;
			buildSettings = {
				ALWAYS_EMBED_SWIFT_STANDARD_LIBRARIES = YES;
				CODE_SIGN_STYLE = Automatic;
				INFOPLIST_FILE = flixterUITests/Info.plist;
				LD_RUNPATH_SEARCH_PATHS = (
					"$(inherited)",
					"@executable_path/Frameworks",
					"@loader_path/Frameworks",
				);
				PRODUCT_BUNDLE_IDENTIFIER = com.subram43.flixterUITests;
				PRODUCT_NAME = "$(TARGET_NAME)";
				SWIFT_VERSION = 5.0;
				TARGETED_DEVICE_FAMILY = "1,2";
				TEST_TARGET_NAME = flixter;
			};
			name = Debug;
		};
		6B77788423DCB26000F1A50E /* Release */ = {
			isa = XCBuildConfiguration;
			baseConfigurationReference = CE97E0F9063C0613B3A64D0C /* Pods-flixter-flixterUITests.release.xcconfig */;
			buildSettings = {
				ALWAYS_EMBED_SWIFT_STANDARD_LIBRARIES = YES;
				CODE_SIGN_STYLE = Automatic;
				INFOPLIST_FILE = flixterUITests/Info.plist;
				LD_RUNPATH_SEARCH_PATHS = (
					"$(inherited)",
					"@executable_path/Frameworks",
					"@loader_path/Frameworks",
				);
				PRODUCT_BUNDLE_IDENTIFIER = com.subram43.flixterUITests;
				PRODUCT_NAME = "$(TARGET_NAME)";
				SWIFT_VERSION = 5.0;
				TARGETED_DEVICE_FAMILY = "1,2";
				TEST_TARGET_NAME = flixter;
			};
			name = Release;
		};
/* End XCBuildConfiguration section */

/* Begin XCConfigurationList section */
		6B77784D23DCB25E00F1A50E /* Build configuration list for PBXProject "flixter" */ = {
			isa = XCConfigurationList;
			buildConfigurations = (
				6B77787A23DCB26000F1A50E /* Debug */,
				6B77787B23DCB26000F1A50E /* Release */,
			);
			defaultConfigurationIsVisible = 0;
			defaultConfigurationName = Release;
		};
		6B77787C23DCB26000F1A50E /* Build configuration list for PBXNativeTarget "flixter" */ = {
			isa = XCConfigurationList;
			buildConfigurations = (
				6B77787D23DCB26000F1A50E /* Debug */,
				6B77787E23DCB26000F1A50E /* Release */,
			);
			defaultConfigurationIsVisible = 0;
			defaultConfigurationName = Release;
		};
		6B77787F23DCB26000F1A50E /* Build configuration list for PBXNativeTarget "flixterTests" */ = {
			isa = XCConfigurationList;
			buildConfigurations = (
				6B77788023DCB26000F1A50E /* Debug */,
				6B77788123DCB26000F1A50E /* Release */,
			);
			defaultConfigurationIsVisible = 0;
			defaultConfigurationName = Release;
		};
		6B77788223DCB26000F1A50E /* Build configuration list for PBXNativeTarget "flixterUITests" */ = {
			isa = XCConfigurationList;
			buildConfigurations = (
				6B77788323DCB26000F1A50E /* Debug */,
				6B77788423DCB26000F1A50E /* Release */,
			);
			defaultConfigurationIsVisible = 0;
			defaultConfigurationName = Release;
		};
/* End XCConfigurationList section */
	};
	rootObject = 6B77784A23DCB25E00F1A50E /* Project object */;
}
